
Microsoft Visual Studio Solution File, Format Version 12.00
# Visual Studio Version 17
VisualStudioVersion = 17.13.35818.85 d17.13
MinimumVisualStudioVersion = 10.0.40219.1
Project("{8BC9CEB8-8B4A-11D0-8D11-00A0C91BC942}") = "Assignment01", "Assignment01\Assignment01.vcxproj", "{21686988-49B4-44A1-A1F9-B1061A1FFDA3}"
EndProject
Project("{8BC9CEB8-8B4A-11D0-8D11-00A0C91BC942}") = "Assignment02", "Assignment02\Assignment02.vcxproj", "{7B4E81B6-542D-4B29-B817-5274903B0B3A}"
EndProject
Project("{8BC9CEB8-8B4A-11D0-8D11-00A0C91BC942}") = "Assignment03", "Assignment03\Assignment03.vcxproj", "{BE50734B-D694-4956-9BB5-B97CCAEB71ED}"
EndProject
Project("{8BC9CEB8-8B4A-11D0-8D11-00A0C91BC942}") = "Assignment04", "Assignment04\Assignment04.vcxproj", "{B978D350-E450-4462-9898-659E71F7AC1E}"
EndProject
Project("{8BC9CEB8-8B4A-11D0-8D11-00A0C91BC942}") = "Assignment06", "Assignment06\Assignment06.vcxproj", "{B0774AAC-8CCD-48A2-B97F-903F310921B2}"
EndProject
Project("{8BC9CEB8-8B4A-11D0-8D11-00A0C91BC942}") = "Assignment07", "Assignment07\Assignment07.vcxproj", "{97BA51FD-6FCE-4796-8F7A-B9DB440206D2}"
EndProject
Project("{8BC9CEB8-8B4A-11D0-8D11-00A0C91BC942}") = "Assignment10", "Assignment10\Assignment10.vcxproj", "{C2F2C80E-02E1-4CFD-8EB1-35CEBC95BFB4}"
EndProject
Project("{8BC9CEB8-8B4A-11D0-8D11-00A0C91BC942}") = "hello", "hello\hello.vcxproj", "{7980ABE2-18A0-4417-86AD-968D210A2E54}"
EndProject
Global
	GlobalSection(SolutionConfigurationPlatforms) = preSolution
		Debug|x64 = Debug|x64
		Debug|x86 = Debug|x86
		Release|x64 = Release|x64
		Release|x86 = Release|x86
	EndGlobalSection
	GlobalSection(ProjectConfigurationPlatforms) = postSolution
		{21686988-49B4-44A1-A1F9-B1061A1FFDA3}.Debug|x64.ActiveCfg = Debug|x64
		{21686988-49B4-44A1-A1F9-B1061A1FFDA3}.Debug|x64.Build.0 = Debug|x64
		{21686988-49B4-44A1-A1F9-B1061A1FFDA3}.Debug|x86.ActiveCfg = Debug|Win32
		{21686988-49B4-44A1-A1F9-B1061A1FFDA3}.Debug|x86.Build.0 = Debug|Win32
		{21686988-49B4-44A1-A1F9-B1061A1FFDA3}.Release|x64.ActiveCfg = Release|x64
		{21686988-49B4-44A1-A1F9-B1061A1FFDA3}.Release|x64.Build.0 = Release|x64
		{21686988-49B4-44A1-A1F9-B1061A1FFDA3}.Release|x86.ActiveCfg = Release|Win32
		{21686988-49B4-44A1-A1F9-B1061A1FFDA3}.Release|x86.Build.0 = Release|Win32
		{7B4E81B6-542D-4B29-B817-5274903B0B3A}.Debug|x64.ActiveCfg = Debug|x64
		{7B4E81B6-542D-4B29-B817-5274903B0B3A}.Debug|x64.Build.0 = Debug|x64
		{7B4E81B6-542D-4B29-B817-5274903B0B3A}.Debug|x86.ActiveCfg = Debug|Win32
		{7B4E81B6-542D-4B29-B817-5274903B0B3A}.Debug|x86.Build.0 = Debug|Win32
		{7B4E81B6-542D-4B29-B817-5274903B0B3A}.Release|x64.ActiveCfg = Release|x64
		{7B4E81B6-542D-4B29-B817-5274903B0B3A}.Release|x64.Build.0 = Release|x64
		{7B4E81B6-542D-4B29-B817-5274903B0B3A}.Release|x86.ActiveCfg = Release|Win32
		{7B4E81B6-542D-4B29-B817-5274903B0B3A}.Release|x86.Build.0 = Release|Win32
		{BE50734B-D694-4956-9BB5-B97CCAEB71ED}.Debug|x64.ActiveCfg = Debug|x64
		{BE50734B-D694-4956-9BB5-B97CCAEB71ED}.Debug|x64.Build.0 = Debug|x64
		{BE50734B-D694-4956-9BB5-B97CCAEB71ED}.Debug|x86.ActiveCfg = Debug|Win32
		{BE50734B-D694-4956-9BB5-B97CCAEB71ED}.Debug|x86.Build.0 = Debug|Win32
		{BE50734B-D694-4956-9BB5-B97CCAEB71ED}.Release|x64.ActiveCfg = Release|x64
		{BE50734B-D694-4956-9BB5-B97CCAEB71ED}.Release|x64.Build.0 = Release|x64
		{BE50734B-D694-4956-9BB5-B97CCAEB71ED}.Release|x86.ActiveCfg = Release|Win32
		{BE50734B-D694-4956-9BB5-B97CCAEB71ED}.Release|x86.Build.0 = Release|Win32
		{B978D350-E450-4462-9898-659E71F7AC1E}.Debug|x64.ActiveCfg = Debug|x64
		{B978D350-E450-4462-9898-659E71F7AC1E}.Debug|x64.Build.0 = Debug|x64
		{B978D350-E450-4462-9898-659E71F7AC1E}.Debug|x86.ActiveCfg = Debug|Win32
		{B978D350-E450-4462-9898-659E71F7AC1E}.Debug|x86.Build.0 = Debug|Win32
		{B978D350-E450-4462-9898-659E71F7AC1E}.Release|x64.ActiveCfg = Release|x64
		{B978D350-E450-4462-9898-659E71F7AC1E}.Release|x64.Build.0 = Release|x64
		{B978D350-E450-4462-9898-659E71F7AC1E}.Release|x86.ActiveCfg = Release|Win32
		{B978D350-E450-4462-9898-659E71F7AC1E}.Release|x86.Build.0 = Release|Win32
		{B0774AAC-8CCD-48A2-B97F-903F310921B2}.Debug|x64.ActiveCfg = Debug|x64
		{B0774AAC-8CCD-48A2-B97F-903F310921B2}.Debug|x64.Build.0 = Debug|x64
		{B0774AAC-8CCD-48A2-B97F-903F310921B2}.Debug|x86.ActiveCfg = Debug|Win32
		{B0774AAC-8CCD-48A2-B97F-903F310921B2}.Debug|x86.Build.0 = Debug|Win32
		{B0774AAC-8CCD-48A2-B97F-903F310921B2}.Release|x64.ActiveCfg = Release|x64
		{B0774AAC-8CCD-48A2-B97F-903F310921B2}.Release|x64.Build.0 = Release|x64
		{B0774AAC-8CCD-48A2-B97F-903F310921B2}.Release|x86.ActiveCfg = Release|Win32
		{B0774AAC-8CCD-48A2-B97F-903F310921B2}.Release|x86.Build.0 = Release|Win32
		{97BA51FD-6FCE-4796-8F7A-B9DB440206D2}.Debug|x64.ActiveCfg = Debug|x64
		{97BA51FD-6FCE-4796-8F7A-B9DB440206D2}.Debug|x64.Build.0 = Debug|x64
		{97BA51FD-6FCE-4796-8F7A-B9DB440206D2}.Debug|x86.ActiveCfg = Debug|Win32
		{97BA51FD-6FCE-4796-8F7A-B9DB440206D2}.Debug|x86.Build.0 = Debug|Win32
		{97BA51FD-6FCE-4796-8F7A-B9DB440206D2}.Release|x64.ActiveCfg = Release|x64
		{97BA51FD-6FCE-4796-8F7A-B9DB440206D2}.Release|x64.Build.0 = Release|x64
		{97BA51FD-6FCE-4796-8F7A-B9DB440206D2}.Release|x86.ActiveCfg = Release|Win32
		{97BA51FD-6FCE-4796-8F7A-B9DB440206D2}.Release|x86.Build.0 = Release|Win32
		{C2F2C80E-02E1-4CFD-8EB1-35CEBC95BFB4}.Debug|x64.ActiveCfg = Debug|x64
		{C2F2C80E-02E1-4CFD-8EB1-35CEBC95BFB4}.Debug|x64.Build.0 = Debug|x64
		{C2F2C80E-02E1-4CFD-8EB1-35CEBC95BFB4}.Debug|x86.ActiveCfg = Debug|Win32
		{C2F2C80E-02E1-4CFD-8EB1-35CEBC95BFB4}.Debug|x86.Build.0 = Debug|Win32
		{C2F2C80E-02E1-4CFD-8EB1-35CEBC95BFB4}.Release|x64.ActiveCfg = Release|x64
		{C2F2C80E-02E1-4CFD-8EB1-35CEBC95BFB4}.Release|x64.Build.0 = Release|x64
		{C2F2C80E-02E1-4CFD-8EB1-35CEBC95BFB4}.Release|x86.ActiveCfg = Release|Win32
		{C2F2C80E-02E1-4CFD-8EB1-35CEBC95BFB4}.Release|x86.Build.0 = Release|Win32
		{7980ABE2-18A0-4417-86AD-968D210A2E54}.Debug|x64.ActiveCfg = Debug|x64
		{7980ABE2-18A0-4417-86AD-968D210A2E54}.Debug|x64.Build.0 = Debug|x64
		{7980ABE2-18A0-4417-86AD-968D210A2E54}.Debug|x86.ActiveCfg = Debug|Win32
		{7980ABE2-18A0-4417-86AD-968D210A2E54}.Debug|x86.Build.0 = Debug|Win32
		{7980ABE2-18A0-4417-86AD-968D210A2E54}.Release|x64.ActiveCfg = Release|x64
		{7980ABE2-18A0-4417-86AD-968D210A2E54}.Release|x64.Build.0 = Release|x64
		{7980ABE2-18A0-4417-86AD-968D210A2E54}.Release|x86.ActiveCfg = Release|Win32
		{7980ABE2-18A0-4417-86AD-968D210A2E54}.Release|x86.Build.0 = Release|Win32
	EndGlobalSection
	GlobalSection(SolutionProperties) = preSolution
		HideSolutionNode = FALSE
	EndGlobalSection
	GlobalSection(ExtensibilityGlobals) = postSolution
		SolutionGuid = {696BEBAC-A5A2-4B2F-B561-98EB73EFC57B}
	EndGlobalSection
EndGlobal
